
Microsoft Visual Studio Solution File, Format Version 12.00
# Visual Studio Version 16
VisualStudioVersion = 16.0.30413.136
MinimumVisualStudioVersion = 10.0.40219.1
Project("{FAE04EC0-301F-11D3-BF4B-00C04F79EFBC}") = "CapstonePets", "CapstonePets\CapstonePets.csproj", "{5D367910-7591-4253-B4C6-A4B3F9E6D636}"
EndProject
Global
	GlobalSection(SolutionConfigurationPlatforms) = preSolution
		Debug|Any CPU = Debug|Any CPU
		Release|Any CPU = Release|Any CPU
	EndGlobalSection
	GlobalSection(ProjectConfigurationPlatforms) = postSolution
		{5D367910-7591-4253-B4C6-A4B3F9E6D636}.Debug|Any CPU.ActiveCfg = Debug|Any CPU
		{5D367910-7591-4253-B4C6-A4B3F9E6D636}.Debug|Any CPU.Build.0 = Debug|Any CPU
		{5D367910-7591-4253-B4C6-A4B3F9E6D636}.Release|Any CPU.ActiveCfg = Release|Any CPU
		{5D367910-7591-4253-B4C6-A4B3F9E6D636}.Release|Any CPU.Build.0 = Release|Any CPU
	EndGlobalSection
	GlobalSection(SolutionProperties) = preSolution
		HideSolutionNode = FALSE
	EndGlobalSection
	GlobalSection(ExtensibilityGlobals) = postSolution
		SolutionGuid = {C33851D4-6538-45C5-94A8-43A793EDD75F}
	EndGlobalSection
EndGlobal
